
Microsoft Visual Studio Solution File, Format Version 12.00
# Visual Studio Version 17
VisualStudioVersion = 17.0.31912.275
MinimumVisualStudioVersion = 10.0.40219.1
Project("{8BC9CEB8-8B4A-11D0-8D11-00A0C91BC942}") = "HLA", "HLA\HLA.vcxproj", "{D6729E78-30E6-418F-AFA5-BD5F77AA2F1C}"
EndProject
Project("{8BC9CEB8-8B4A-11D0-8D11-00A0C91BC942}") = "HLA_Demo", "HLA_Demo\HLA_Demo.vcxproj", "{D690CFFA-E03D-4B90-80F4-B44CF39F0ED1}"
EndProject
Global
	GlobalSection(SolutionConfigurationPlatforms) = preSolution
		Debug|x64 = Debug|x64
		Release|x64 = Release|x64
	EndGlobalSection
	GlobalSection(ProjectConfigurationPlatforms) = postSolution
		{D6729E78-30E6-418F-AFA5-BD5F77AA2F1C}.Debug|x64.ActiveCfg = Debug|x64
		{D6729E78-30E6-418F-AFA5-BD5F77AA2F1C}.Debug|x64.Build.0 = Debug|x64
		{D6729E78-30E6-418F-AFA5-BD5F77AA2F1C}.Release|x64.ActiveCfg = Release|x64
		{D6729E78-30E6-418F-AFA5-BD5F77AA2F1C}.Release|x64.Build.0 = Release|x64
		{D690CFFA-E03D-4B90-80F4-B44CF39F0ED1}.Debug|x64.ActiveCfg = Debug|x64
		{D690CFFA-E03D-4B90-80F4-B44CF39F0ED1}.Debug|x64.Build.0 = Debug|x64
		{D690CFFA-E03D-4B90-80F4-B44CF39F0ED1}.Release|x64.ActiveCfg = Release|x64
		{D690CFFA-E03D-4B90-80F4-B44CF39F0ED1}.Release|x64.Build.0 = Release|x64
	EndGlobalSection
	GlobalSection(SolutionProperties) = preSolution
		HideSolutionNode = FALSE
	EndGlobalSection
	GlobalSection(ExtensibilityGlobals) = postSolution
		SolutionGuid = {3F58ED0C-2B32-4134-9D70-0A28FFF5291F}
	EndGlobalSection
EndGlobal
